
Microsoft Visual Studio Solution File, Format Version 12.00
# Visual Studio 14
VisualStudioVersion = 14.0.22823.1
MinimumVisualStudioVersion = 10.0.40219.1
Project("{FAE04EC0-301F-11D3-BF4B-00C04F79EFBC}") = "IoT-InitializeApp01", "IoT-InitializeApp01\IoT-InitializeApp01.csproj", "{7D3478B3-0591-4CD5-92F3-9AD7334C6ECC}"
EndProject
Global
	GlobalSection(SolutionConfigurationPlatforms) = preSolution
		Debug|ARM = Debug|ARM
		Debug|x64 = Debug|x64
		Debug|x86 = Debug|x86
		Release|ARM = Release|ARM
		Release|x64 = Release|x64
		Release|x86 = Release|x86
	EndGlobalSection
	GlobalSection(ProjectConfigurationPlatforms) = postSolution
		{7D3478B3-0591-4CD5-92F3-9AD7334C6ECC}.Debug|ARM.ActiveCfg = Debug|ARM
		{7D3478B3-0591-4CD5-92F3-9AD7334C6ECC}.Debug|ARM.Build.0 = Debug|ARM
		{7D3478B3-0591-4CD5-92F3-9AD7334C6ECC}.Debug|ARM.Deploy.0 = Debug|ARM
		{7D3478B3-0591-4CD5-92F3-9AD7334C6ECC}.Debug|x64.ActiveCfg = Debug|x64
		{7D3478B3-0591-4CD5-92F3-9AD7334C6ECC}.Debug|x64.Build.0 = Debug|x64
		{7D3478B3-0591-4CD5-92F3-9AD7334C6ECC}.Debug|x64.Deploy.0 = Debug|x64
		{7D3478B3-0591-4CD5-92F3-9AD7334C6ECC}.Debug|x86.ActiveCfg = Debug|x86
		{7D3478B3-0591-4CD5-92F3-9AD7334C6ECC}.Debug|x86.Build.0 = Debug|x86
		{7D3478B3-0591-4CD5-92F3-9AD7334C6ECC}.Debug|x86.Deploy.0 = Debug|x86
		{7D3478B3-0591-4CD5-92F3-9AD7334C6ECC}.Release|ARM.ActiveCfg = Release|ARM
		{7D3478B3-0591-4CD5-92F3-9AD7334C6ECC}.Release|ARM.Build.0 = Release|ARM
		{7D3478B3-0591-4CD5-92F3-9AD7334C6ECC}.Release|ARM.Deploy.0 = Release|ARM
		{7D3478B3-0591-4CD5-92F3-9AD7334C6ECC}.Release|x64.ActiveCfg = Release|x64
		{7D3478B3-0591-4CD5-92F3-9AD7334C6ECC}.Release|x64.Build.0 = Release|x64
		{7D3478B3-0591-4CD5-92F3-9AD7334C6ECC}.Release|x64.Deploy.0 = Release|x64
		{7D3478B3-0591-4CD5-92F3-9AD7334C6ECC}.Release|x86.ActiveCfg = Release|x86
		{7D3478B3-0591-4CD5-92F3-9AD7334C6ECC}.Release|x86.Build.0 = Release|x86
		{7D3478B3-0591-4CD5-92F3-9AD7334C6ECC}.Release|x86.Deploy.0 = Release|x86
	EndGlobalSection
	GlobalSection(SolutionProperties) = preSolution
		HideSolutionNode = FALSE
	EndGlobalSection
EndGlobal
